// !$*UTF8*$!
{
	archiveVersion = 1;
	classes = {
	};
	objectVersion = 46;
	objects = {

/* Begin PBXBuildFile section */
		64A697FE1A6C086E006EEBB5 /* main.m in Sources */ = {isa = PBXBuildFile; fileRef = 64A697FD1A6C086E006EEBB5 /* main.m */; };
		64A698011A6C086E006EEBB5 /* AppDelegate.m in Sources */ = {isa = PBXBuildFile; fileRef = 64A698001A6C086E006EEBB5 /* AppDelegate.m */; };
		64A698041A6C086E006EEBB5 /* HomeTable.m in Sources */ = {isa = PBXBuildFile; fileRef = 64A698031A6C086E006EEBB5 /* HomeTable.m */; };
		64A698071A6C086E006EEBB5 /* Main.storyboard in Resources */ = {isa = PBXBuildFile; fileRef = 64A698051A6C086E006EEBB5 /* Main.storyboard */; };
		64A698091A6C086E006EEBB5 /* Images.xcassets in Resources */ = {isa = PBXBuildFile; fileRef = 64A698081A6C086E006EEBB5 /* Images.xcassets */; };
		64A6980C1A6C086E006EEBB5 /* LaunchScreen.xib in Resources */ = {isa = PBXBuildFile; fileRef = 64A6980A1A6C086E006EEBB5 /* LaunchScreen.xib */; };
		64A698181A6C086E006EEBB5 /* Table_OaxTests.m in Sources */ = {isa = PBXBuildFile; fileRef = 64A698171A6C086E006EEBB5 /* Table_OaxTests.m */; };
/* End PBXBuildFile section */

/* Begin PBXContainerItemProxy section */
		64A698121A6C086E006EEBB5 /* PBXContainerItemProxy */ = {
			isa = PBXContainerItemProxy;
			containerPortal = 64A697F01A6C086E006EEBB5 /* Project object */;
			proxyType = 1;
			remoteGlobalIDString = 64A697F71A6C086E006EEBB5;
			remoteInfo = "Table Oax";
		};
/* End PBXContainerItemProxy section */

/* Begin PBXFileReference section */
		64A697F81A6C086E006EEBB5 /* Table Oax.app */ = {isa = PBXFileReference; explicitFileType = wrapper.application; includeInIndex = 0; path = "Table Oax.app"; sourceTree = BUILT_PRODUCTS_DIR; };
		64A697FC1A6C086E006EEBB5 /* Info.plist */ = {isa = PBXFileReference; lastKnownFileType = text.plist.xml; path = Info.plist; sourceTree = "<group>"; };
		64A697FD1A6C086E006EEBB5 /* main.m */ = {isa = PBXFileReference; lastKnownFileType = sourcecode.c.objc; path = main.m; sourceTree = "<group>"; };
		64A697FF1A6C086E006EEBB5 /* AppDelegate.h */ = {isa = PBXFileReference; lastKnownFileType = sourcecode.c.h; path = AppDelegate.h; sourceTree = "<group>"; };
		64A698001A6C086E006EEBB5 /* AppDelegate.m */ = {isa = PBXFileReference; lastKnownFileType = sourcecode.c.objc; path = AppDelegate.m; sourceTree = "<group>"; };
		64A698021A6C086E006EEBB5 /* HomeTable.h */ = {isa = PBXFileReference; lastKnownFileType = sourcecode.c.h; path = HomeTable.h; sourceTree = "<group>"; };
		64A698031A6C086E006EEBB5 /* HomeTable.m */ = {isa = PBXFileReference; lastKnownFileType = sourcecode.c.objc; path = HomeTable.m; sourceTree = "<group>"; };
		64A698061A6C086E006EEBB5 /* Base */ = {isa = PBXFileReference; lastKnownFileType = file.storyboard; name = Base; path = Base.lproj/Main.storyboard; sourceTree = "<group>"; };
		64A698081A6C086E006EEBB5 /* Images.xcassets */ = {isa = PBXFileReference; lastKnownFileType = folder.assetcatalog; path = Images.xcassets; sourceTree = "<group>"; };
		64A6980B1A6C086E006EEBB5 /* Base */ = {isa = PBXFileReference; lastKnownFileType = file.xib; name = Base; path = Base.lproj/LaunchScreen.xib; sourceTree = "<group>"; };
		64A698111A6C086E006EEBB5 /* Table OaxTests.xctest */ = {isa = PBXFileReference; explicitFileType = wrapper.cfbundle; includeInIndex = 0; path = "Table OaxTests.xctest"; sourceTree = BUILT_PRODUCTS_DIR; };
		64A698161A6C086E006EEBB5 /* Info.plist */ = {isa = PBXFileReference; lastKnownFileType = text.plist.xml; path = Info.plist; sourceTree = "<group>"; };
		64A698171A6C086E006EEBB5 /* Table_OaxTests.m */ = {isa = PBXFileReference; lastKnownFileType = sourcecode.c.objc; path = Table_OaxTests.m; sourceTree = "<group>"; };
/* End PBXFileReference section */

/* Begin PBXFrameworksBuildPhase section */
		64A697F51A6C086E006EEBB5 /* Frameworks */ = {
			isa = PBXFrameworksBuildPhase;
			buildActionMask = 2147483647;
			files = (
			);
			runOnlyForDeploymentPostprocessing = 0;
		};
		64A6980E1A6C086E006EEBB5 /* Frameworks */ = {
			isa = PBXFrameworksBuildPhase;
			buildActionMask = 2147483647;
			files = (
			);
			runOnlyForDeploymentPostprocessing = 0;
		};
/* End PBXFrameworksBuildPhase section */

/* Begin PBXGroup section */
		64A697EF1A6C086E006EEBB5 = {
			isa = PBXGroup;
			children = (
				64A697FA1A6C086E006EEBB5 /* Table Oax */,
				64A698141A6C086E006EEBB5 /* Table OaxTests */,
				64A697F91A6C086E006EEBB5 /* Products */,
			);
			sourceTree = "<group>";
		};
		64A697F91A6C086E006EEBB5 /* Products */ = {
			isa = PBXGroup;
			children = (
				64A697F81A6C086E006EEBB5 /* Table Oax.app */,
				64A698111A6C086E006EEBB5 /* Table OaxTests.xctest */,
			);
			name = Products;
			sourceTree = "<group>";
		};
		64A697FA1A6C086E006EEBB5 /* Table Oax */ = {
			isa = PBXGroup;
			children = (
				64A697FF1A6C086E006EEBB5 /* AppDelegate.h */,
				64A698001A6C086E006EEBB5 /* AppDelegate.m */,
				64A698021A6C086E006EEBB5 /* HomeTable.h */,
				64A698031A6C086E006EEBB5 /* HomeTable.m */,
				64A698051A6C086E006EEBB5 /* Main.storyboard */,
				64A698081A6C086E006EEBB5 /* Images.xcassets */,
				64A6980A1A6C086E006EEBB5 /* LaunchScreen.xib */,
				64A697FB1A6C086E006EEBB5 /* Supporting Files */,
			);
			path = "Table Oax";
			sourceTree = "<group>";
		};
		64A697FB1A6C086E006EEBB5 /* Supporting Files */ = {
			isa = PBXGroup;
			children = (
				64A697FC1A6C086E006EEBB5 /* Info.plist */,
				64A697FD1A6C086E006EEBB5 /* main.m */,
			);
			name = "Supporting Files";
			sourceTree = "<group>";
		};
		64A698141A6C086E006EEBB5 /* Table OaxTests */ = {
			isa = PBXGroup;
			children = (
				64A698171A6C086E006EEBB5 /* Table_OaxTests.m */,
				64A698151A6C086E006EEBB5 /* Supporting Files */,
			);
			path = "Table OaxTests";
			sourceTree = "<group>";
		};
		64A698151A6C086E006EEBB5 /* Supporting Files */ = {
			isa = PBXGroup;
			children = (
				64A698161A6C086E006EEBB5 /* Info.plist */,
			);
			name = "Supporting Files";
			sourceTree = "<group>";
		};
/* End PBXGroup section */

/* Begin PBXNativeTarget section */
		64A697F71A6C086E006EEBB5 /* Table Oax */ = {
			isa = PBXNativeTarget;
			buildConfigurationList = 64A6981B1A6C086E006EEBB5 /* Build configuration list for PBXNativeTarget "Table Oax" */;
			buildPhases = (
				64A697F41A6C086E006EEBB5 /* Sources */,
				64A697F51A6C086E006EEBB5 /* Frameworks */,
				64A697F61A6C086E006EEBB5 /* Resources */,
			);
			buildRules = (
			);
			dependencies = (
			);
			name = "Table Oax";
			productName = "Table Oax";
			productReference = 64A697F81A6C086E006EEBB5 /* Table Oax.app */;
			productType = "com.apple.product-type.application";
		};
		64A698101A6C086E006EEBB5 /* Table OaxTests */ = {
			isa = PBXNativeTarget;
			buildConfigurationList = 64A6981E1A6C086E006EEBB5 /* Build configuration list for PBXNativeTarget "Table OaxTests" */;
			buildPhases = (
				64A6980D1A6C086E006EEBB5 /* Sources */,
				64A6980E1A6C086E006EEBB5 /* Frameworks */,
				64A6980F1A6C086E006EEBB5 /* Resources */,
			);
			buildRules = (
			);
			dependencies = (
				64A698131A6C086E006EEBB5 /* PBXTargetDependency */,
			);
			name = "Table OaxTests";
			productName = "Table OaxTests";
			productReference = 64A698111A6C086E006EEBB5 /* Table OaxTests.xctest */;
			productType = "com.apple.product-type.bundle.unit-test";
		};
/* End PBXNativeTarget section */

/* Begin PBXProject section */
		64A697F01A6C086E006EEBB5 /* Project object */ = {
			isa = PBXProject;
			attributes = {
				LastUpgradeCheck = 0610;
				ORGANIZATIONNAME = BTICs;
				TargetAttributes = {
					64A697F71A6C086E006EEBB5 = {
						CreatedOnToolsVersion = 6.1.1;
					};
					64A698101A6C086E006EEBB5 = {
						CreatedOnToolsVersion = 6.1.1;
						TestTargetID = 64A697F71A6C086E006EEBB5;
					};
				};
			};
			buildConfigurationList = 64A697F31A6C086E006EEBB5 /* Build configuration list for PBXProject "Table Oax" */;
			compatibilityVersion = "Xcode 3.2";
			developmentRegion = English;
			hasScannedForEncodings = 0;
			knownRegions = (
				en,
				Base,
			);
			mainGroup = 64A697EF1A6C086E006EEBB5;
			productRefGroup = 64A697F91A6C086E006EEBB5 /* Products */;
			projectDirPath = "";
			projectRoot = "";
			targets = (
				64A697F71A6C086E006EEBB5 /* Table Oax */,
				64A698101A6C086E006EEBB5 /* Table OaxTests */,
			);
		};
/* End PBXProject section */

/* Begin PBXResourcesBuildPhase section */
		64A697F61A6C086E006EEBB5 /* Resources */ = {
			isa = PBXResourcesBuildPhase;
			buildActionMask = 2147483647;
			files = (
				64A698071A6C086E006EEBB5 /* Main.storyboard in Resources */,
				64A6980C1A6C086E006EEBB5 /* LaunchScreen.xib in Resources */,
				64A698091A6C086E006EEBB5 /* Images.xcassets in Resources */,
			);
			runOnlyForDeploymentPostprocessing = 0;
		};
		64A6980F1A6C086E006EEBB5 /* Resources */ = {
			isa = PBXResourcesBuildPhase;
			buildActionMask = 2147483647;
			files = (
			);
			runOnlyForDeploymentPostprocessing = 0;
		};
/* End PBXResourcesBuildPhase section */

/* Begin PBXSourcesBuildPhase section */
		64A697F41A6C086E006EEBB5 /* Sources */ = {
			isa = PBXSourcesBuildPhase;
			buildActionMask = 2147483647;
			files = (
				64A698041A6C086E006EEBB5 /* HomeTable.m in Sources */,
				64A698011A6C086E006EEBB5 /* AppDelegate.m in Sources */,
				64A697FE1A6C086E006EEBB5 /* main.m in Sources */,
			);
			runOnlyForDeploymentPostprocessing = 0;
		};
		64A6980D1A6C086E006EEBB5 /* Sources */ = {
			isa = PBXSourcesBuildPhase;
			buildActionMask = 2147483647;
			files = (
				64A698181A6C086E006EEBB5 /* Table_OaxTests.m in Sources */,
			);
			runOnlyForDeploymentPostprocessing = 0;
		};
/* End PBXSourcesBuildPhase section */

/* Begin PBXTargetDependency section */
		64A698131A6C086E006EEBB5 /* PBXTargetDependency */ = {
			isa = PBXTargetDependency;
			target = 64A697F71A6C086E006EEBB5 /* Table Oax */;
			targetProxy = 64A698121A6C086E006EEBB5 /* PBXContainerItemProxy */;
		};
/* End PBXTargetDependency section */

/* Begin PBXVariantGroup section */
		64A698051A6C086E006EEBB5 /* Main.storyboard */ = {
			isa = PBXVariantGroup;
			children = (
				64A698061A6C086E006EEBB5 /* Base */,
			);
			name = Main.storyboard;
			sourceTree = "<group>";
		};
		64A6980A1A6C086E006EEBB5 /* LaunchScreen.xib */ = {
			isa = PBXVariantGroup;
			children = (
				64A6980B1A6C086E006EEBB5 /* Base */,
			);
			name = LaunchScreen.xib;
			sourceTree = "<group>";
		};
/* End PBXVariantGroup section */

/* Begin XCBuildConfiguration section */
		64A698191A6C086E006EEBB5 /* Debug */ = {
			isa = XCBuildConfiguration;
			buildSettings = {
				ALWAYS_SEARCH_USER_PATHS = NO;
				CLANG_CXX_LANGUAGE_STANDARD = "gnu++0x";
				CLANG_CXX_LIBRARY = "libc++";
				CLANG_ENABLE_MODULES = YES;
				CLANG_ENABLE_OBJC_ARC = YES;
				CLANG_WARN_BOOL_CONVERSION = YES;
				CLANG_WARN_CONSTANT_CONVERSION = YES;
				CLANG_WARN_DIRECT_OBJC_ISA_USAGE = YES_ERROR;
				CLANG_WARN_EMPTY_BODY = YES;
				CLANG_WARN_ENUM_CONVERSION = YES;
				CLANG_WARN_INT_CONVERSION = YES;
				CLANG_WARN_OBJC_ROOT_CLASS = YES_ERROR;
				CLANG_WARN_UNREACHABLE_CODE = YES;
				CLANG_WARN__DUPLICATE_METHOD_MATCH = YES;
				"CODE_SIGN_IDENTITY[sdk=iphoneos*]" = "iPhone Developer";
				COPY_PHASE_STRIP = NO;
				ENABLE_STRICT_OBJC_MSGSEND = YES;
				GCC_C_LANGUAGE_STANDARD = gnu99;
				GCC_DYNAMIC_NO_PIC = NO;
				GCC_OPTIMIZATION_LEVEL = 0;
				GCC_PREPROCESSOR_DEFINITIONS = (
					"DEBUG=1",
					"$(inherited)",
				);
				GCC_SYMBOLS_PRIVATE_EXTERN = NO;
				GCC_WARN_64_TO_32_BIT_CONVERSION = YES;
				GCC_WARN_ABOUT_RETURN_TYPE = YES_ERROR;
				GCC_WARN_UNDECLARED_SELECTOR = YES;
				GCC_WARN_UNINITIALIZED_AUTOS = YES_AGGRESSIVE;
				GCC_WARN_UNUSED_FUNCTION = YES;
				GCC_WARN_UNUSED_VARIABLE = YES;
				IPHONEOS_DEPLOYMENT_TARGET = 8.1;
				MTL_ENABLE_DEBUG_INFO = YES;
				ONLY_ACTIVE_ARCH = YES;
				SDKROOT = iphoneos;
			};
			name = Debug;
		};
		64A6981A1A6C086E006EEBB5 /* Release */ = {
			isa = XCBuildConfiguration;
			buildSettings = {
				ALWAYS_SEARCH_USER_PATHS = NO;
				CLANG_CXX_LANGUAGE_STANDARD = "gnu++0x";
				CLANG_CXX_LIBRARY = "libc++";
				CLANG_ENABLE_MODULES = YES;
				CLANG_ENABLE_OBJC_ARC = YES;
				CLANG_WARN_BOOL_CONVERSION = YES;
				CLANG_WARN_CONSTANT_CONVERSION = YES;
				CLANG_WARN_DIRECT_OBJC_ISA_USAGE = YES_ERROR;
				CLANG_WARN_EMPTY_BODY = YES;
				CLANG_WARN_ENUM_CONVERSION = YES;
				CLANG_WARN_INT_CONVERSION = YES;
				CLANG_WARN_OBJC_ROOT_CLASS = YES_ERROR;
				CLANG_WARN_UNREACHABLE_CODE = YES;
				CLANG_WARN__DUPLICATE_METHOD_MATCH = YES;
				"CODE_SIGN_IDENTITY[sdk=iphoneos*]" = "iPhone Developer";
				COPY_PHASE_STRIP = YES;
				ENABLE_NS_ASSERTIONS = NO;
				ENABLE_STRICT_OBJC_MSGSEND = YES;
				GCC_C_LANGUAGE_STANDARD = gnu99;
				GCC_WARN_64_TO_32_BIT_CONVERSION = YES;
				GCC_WARN_ABOUT_RETURN_TYPE = YES_ERROR;
				GCC_WARN_UNDECLARED_SELECTOR = YES;
				GCC_WARN_UNINITIALIZED_AUTOS = YES_AGGRESSIVE;
				GCC_WARN_UNUSED_FUNCTION = YES;
				GCC_WARN_UNUSED_VARIABLE = YES;
				IPHONEOS_DEPLOYMENT_TARGET = 8.1;
				MTL_ENABLE_DEBUG_INFO = NO;
				SDKROOT = iphoneos;
				VALIDATE_PRODUCT = YES;
			};
			name = Release;
		};
		64A6981C1A6C086E006EEBB5 /* Debug */ = {
			isa = XCBuildConfiguration;
			buildSettings = {
				ASSETCATALOG_COMPILER_APPICON_NAME = AppIcon;
				INFOPLIST_FILE = "Table Oax/Info.plist";
				LD_RUNPATH_SEARCH_PATHS = "$(inherited) @executable_path/Frameworks";
				PRODUCT_NAME = "$(TARGET_NAME)";
			};
			name = Debug;
		};
		64A6981D1A6C086E006EEBB5 /* Release */ = {
			isa = XCBuildConfiguration;
			buildSettings = {
				ASSETCATALOG_COMPILER_APPICON_NAME = AppIcon;
				INFOPLIST_FILE = "Table Oax/Info.plist";
				LD_RUNPATH_SEARCH_PATHS = "$(inherited) @executable_path/Frameworks";
				PRODUCT_NAME = "$(TARGET_NAME)";
			};
			name = Release;
		};
		64A6981F1A6C086E006EEBB5 /* Debug */ = {
			isa = XCBuildConfiguration;
			buildSettings = {
				BUNDLE_LOADER = "$(TEST_HOST)";
				FRAMEWORK_SEARCH_PATHS = (
					"$(SDKROOT)/Developer/Library/Frameworks",
					"$(inherited)",
				);
				GCC_PREPROCESSOR_DEFINITIONS = (
					"DEBUG=1",
					"$(inherited)",
				);
				INFOPLIST_FILE = "Table OaxTests/Info.plist";
				LD_RUNPATH_SEARCH_PATHS = "$(inherited) @executable_path/Frameworks @loader_path/Frameworks";
				PRODUCT_NAME = "$(TARGET_NAME)";
				TEST_HOST = "$(BUILT_PRODUCTS_DIR)/Table Oax.app/Table Oax";
			};
			name = Debug;
		};
		64A698201A6C086E006EEBB5 /* Release */ = {
			isa = XCBuildConfiguration;
			buildSettings = {
				BUNDLE_LOADER = "$(TEST_HOST)";
				FRAMEWORK_SEARCH_PATHS = (
					"$(SDKROOT)/Developer/Library/Frameworks",
					"$(inherited)",
				);
				INFOPLIST_FILE = "Table OaxTests/Info.plist";
				LD_RUNPATH_SEARCH_PATHS = "$(inherited) @executable_path/Frameworks @loader_path/Frameworks";
				PRODUCT_NAME = "$(TARGET_NAME)";
				TEST_HOST = "$(BUILT_PRODUCTS_DIR)/Table Oax.app/Table Oax";
			};
			name = Release;
		};
/* End XCBuildConfiguration section */

/* Begin XCConfigurationList section */
		64A697F31A6C086E006EEBB5 /* Build configuration list for PBXProject "Table Oax" */ = {
			isa = XCConfigurationList;
			buildConfigurations = (
				64A698191A6C086E006EEBB5 /* Debug */,
				64A6981A1A6C086E006EEBB5 /* Release */,
			);
			defaultConfigurationIsVisible = 0;
			defaultConfigurationName = Release;
		};
		64A6981B1A6C086E006EEBB5 /* Build configuration list for PBXNativeTarget "Table Oax" */ = {
			isa = XCConfigurationList;
			buildConfigurations = (
				64A6981C1A6C086E006EEBB5 /* Debug */,
				64A6981D1A6C086E006EEBB5 /* Release */,
			);
			defaultConfigurationIsVisible = 0;
		};
		64A6981E1A6C086E006EEBB5 /* Build configuration list for PBXNativeTarget "Table OaxTests" */ = {
			isa = XCConfigurationList;
			buildConfigurations = (
				64A6981F1A6C086E006EEBB5 /* Debug */,
				64A698201A6C086E006EEBB5 /* Release */,
			);
			defaultConfigurationIsVisible = 0;
		};
/* End XCConfigurationList section */
	};
	rootObject = 64A697F01A6C086E006EEBB5 /* Project object */;
}
